
Microsoft Visual Studio Solution File, Format Version 12.00
# Visual Studio 15
VisualStudioVersion = 15.0.28307.1525
MinimumVisualStudioVersion = 10.0.40219.1
Project("{FAE04EC0-301F-11D3-BF4B-00C04F79EFBC}") = "LibraryManagementSystem", "WebApplication1\LibraryManagementSystem.csproj", "{176C04CB-5025-43CC-92EA-148FD1A3FCE5}"
EndProject
Global
	GlobalSection(SolutionConfigurationPlatforms) = preSolution
		Debug|Any CPU = Debug|Any CPU
		Release|Any CPU = Release|Any CPU
	EndGlobalSection
	GlobalSection(ProjectConfigurationPlatforms) = postSolution
		{176C04CB-5025-43CC-92EA-148FD1A3FCE5}.Debug|Any CPU.ActiveCfg = Debug|Any CPU
		{176C04CB-5025-43CC-92EA-148FD1A3FCE5}.Debug|Any CPU.Build.0 = Debug|Any CPU
		{176C04CB-5025-43CC-92EA-148FD1A3FCE5}.Release|Any CPU.ActiveCfg = Release|Any CPU
		{176C04CB-5025-43CC-92EA-148FD1A3FCE5}.Release|Any CPU.Build.0 = Release|Any CPU
	EndGlobalSection
	GlobalSection(SolutionProperties) = preSolution
		HideSolutionNode = FALSE
	EndGlobalSection
	GlobalSection(ExtensibilityGlobals) = postSolution
		SolutionGuid = {A5E8B5C2-41A3-462A-8788-6C9A65ACDBFF}
	EndGlobalSection
EndGlobal
